
Microsoft Visual Studio Solution File, Format Version 12.00
# Visual Studio Version 17
VisualStudioVersion = 17.12.35527.113
MinimumVisualStudioVersion = 10.0.40219.1
Project("{8BC9CEB8-8B4A-11D0-8D11-00A0C91BC942}") = "Render", "Render\Render.vcxproj", "{DD045E39-72D2-42F0-A4EC-7A06638008B6}"
EndProject
Project("{8BC9CEB8-8B4A-11D0-8D11-00A0C91BC942}") = "Game", "Game\Game.vcxproj", "{F1EE7C37-05DC-479B-89A4-60A010FD2235}"
EndProject
Project("{8BC9CEB8-8B4A-11D0-8D11-00A0C91BC942}") = "Engine", "Engine\Engine.vcxproj", "{9C4C5D1D-4478-4704-8151-C05878379D36}"
EndProject
Project("{8BC9CEB8-8B4A-11D0-8D11-00A0C91BC942}") = "Core", "Core\Core.vcxproj", "{9E541E66-9010-46ED-93D6-E4F240A9E222}"
EndProject
Global
	GlobalSection(SolutionConfigurationPlatforms) = preSolution
		Debug|x64 = Debug|x64
		Debug|x86 = Debug|x86
		Release|x64 = Release|x64
		Release|x86 = Release|x86
	EndGlobalSection
	GlobalSection(ProjectConfigurationPlatforms) = postSolution
		{DD045E39-72D2-42F0-A4EC-7A06638008B6}.Debug|x64.ActiveCfg = Debug|x64
		{DD045E39-72D2-42F0-A4EC-7A06638008B6}.Debug|x64.Build.0 = Debug|x64
		{DD045E39-72D2-42F0-A4EC-7A06638008B6}.Debug|x86.ActiveCfg = Debug|Win32
		{DD045E39-72D2-42F0-A4EC-7A06638008B6}.Debug|x86.Build.0 = Debug|Win32
		{DD045E39-72D2-42F0-A4EC-7A06638008B6}.Release|x64.ActiveCfg = Release|x64
		{DD045E39-72D2-42F0-A4EC-7A06638008B6}.Release|x64.Build.0 = Release|x64
		{DD045E39-72D2-42F0-A4EC-7A06638008B6}.Release|x86.ActiveCfg = Release|Win32
		{DD045E39-72D2-42F0-A4EC-7A06638008B6}.Release|x86.Build.0 = Release|Win32
		{F1EE7C37-05DC-479B-89A4-60A010FD2235}.Debug|x64.ActiveCfg = Debug|x64
		{F1EE7C37-05DC-479B-89A4-60A010FD2235}.Debug|x64.Build.0 = Debug|x64
		{F1EE7C37-05DC-479B-89A4-60A010FD2235}.Debug|x86.ActiveCfg = Debug|Win32
		{F1EE7C37-05DC-479B-89A4-60A010FD2235}.Debug|x86.Build.0 = Debug|Win32
		{F1EE7C37-05DC-479B-89A4-60A010FD2235}.Release|x64.ActiveCfg = Release|x64
		{F1EE7C37-05DC-479B-89A4-60A010FD2235}.Release|x64.Build.0 = Release|x64
		{F1EE7C37-05DC-479B-89A4-60A010FD2235}.Release|x86.ActiveCfg = Release|Win32
		{F1EE7C37-05DC-479B-89A4-60A010FD2235}.Release|x86.Build.0 = Release|Win32
		{9C4C5D1D-4478-4704-8151-C05878379D36}.Debug|x64.ActiveCfg = Debug|x64
		{9C4C5D1D-4478-4704-8151-C05878379D36}.Debug|x64.Build.0 = Debug|x64
		{9C4C5D1D-4478-4704-8151-C05878379D36}.Debug|x86.ActiveCfg = Debug|Win32
		{9C4C5D1D-4478-4704-8151-C05878379D36}.Debug|x86.Build.0 = Debug|Win32
		{9C4C5D1D-4478-4704-8151-C05878379D36}.Release|x64.ActiveCfg = Release|x64
		{9C4C5D1D-4478-4704-8151-C05878379D36}.Release|x64.Build.0 = Release|x64
		{9C4C5D1D-4478-4704-8151-C05878379D36}.Release|x86.ActiveCfg = Release|Win32
		{9C4C5D1D-4478-4704-8151-C05878379D36}.Release|x86.Build.0 = Release|Win32
		{9E541E66-9010-46ED-93D6-E4F240A9E222}.Debug|x64.ActiveCfg = Debug|x64
		{9E541E66-9010-46ED-93D6-E4F240A9E222}.Debug|x64.Build.0 = Debug|x64
		{9E541E66-9010-46ED-93D6-E4F240A9E222}.Debug|x86.ActiveCfg = Debug|Win32
		{9E541E66-9010-46ED-93D6-E4F240A9E222}.Debug|x86.Build.0 = Debug|Win32
		{9E541E66-9010-46ED-93D6-E4F240A9E222}.Release|x64.ActiveCfg = Release|x64
		{9E541E66-9010-46ED-93D6-E4F240A9E222}.Release|x64.Build.0 = Release|x64
		{9E541E66-9010-46ED-93D6-E4F240A9E222}.Release|x86.ActiveCfg = Release|Win32
		{9E541E66-9010-46ED-93D6-E4F240A9E222}.Release|x86.Build.0 = Release|Win32
	EndGlobalSection
	GlobalSection(SolutionProperties) = preSolution
		HideSolutionNode = FALSE
	EndGlobalSection
EndGlobal
